
Microsoft Visual Studio Solution File, Format Version 12.00
# Visual Studio 14
VisualStudioVersion = 14.0.25420.1
MinimumVisualStudioVersion = 10.0.40219.1
Project("{FAE04EC0-301F-11D3-BF4B-00C04F79EFBC}") = "NetworkAPI", "NetworkAPI\NetworkAPI.csproj", "{DEEFBF9E-04AA-4348-A852-C8E68B7669E4}"
EndProject
Global
	GlobalSection(SolutionConfigurationPlatforms) = preSolution
		Debug|Any CPU = Debug|Any CPU
		Debug|x64 = Debug|x64
		Release|Any CPU = Release|Any CPU
		Release|x64 = Release|x64
	EndGlobalSection
	GlobalSection(ProjectConfigurationPlatforms) = postSolution
		{DEEFBF9E-04AA-4348-A852-C8E68B7669E4}.Debug|Any CPU.ActiveCfg = Debug|Any CPU
		{DEEFBF9E-04AA-4348-A852-C8E68B7669E4}.Debug|Any CPU.Build.0 = Debug|Any CPU
		{DEEFBF9E-04AA-4348-A852-C8E68B7669E4}.Debug|x64.ActiveCfg = Debug|x64
		{DEEFBF9E-04AA-4348-A852-C8E68B7669E4}.Debug|x64.Build.0 = Debug|x64
		{DEEFBF9E-04AA-4348-A852-C8E68B7669E4}.Release|Any CPU.ActiveCfg = Release|Any CPU
		{DEEFBF9E-04AA-4348-A852-C8E68B7669E4}.Release|Any CPU.Build.0 = Release|Any CPU
		{DEEFBF9E-04AA-4348-A852-C8E68B7669E4}.Release|x64.ActiveCfg = Release|x64
		{DEEFBF9E-04AA-4348-A852-C8E68B7669E4}.Release|x64.Build.0 = Release|x64
	EndGlobalSection
	GlobalSection(SolutionProperties) = preSolution
		HideSolutionNode = FALSE
	EndGlobalSection
	GlobalSection(ExtensibilityGlobals) = postSolution
		EnterpriseLibraryConfigurationToolBinariesPath = packages\Unity.2.1.505.0\lib\NET35
	EndGlobalSection
EndGlobal
