
Microsoft Visual Studio Solution File, Format Version 12.00
# Visual Studio 14
VisualStudioVersion = 14.0.25123.0
MinimumVisualStudioVersion = 10.0.40219.1
Project("{FAE04EC0-301F-11D3-BF4B-00C04F79EFBC}") = "NetworkAPI", "NetworkAPI\NetworkAPI.csproj", "{DEEFBF9E-04AA-4348-A852-C8E68B7669E4}"
EndProject
Global
	GlobalSection(SolutionConfigurationPlatforms) = preSolution
		Debug|Any CPU = Debug|Any CPU
		Release|Any CPU = Release|Any CPU
	EndGlobalSection
	GlobalSection(ProjectConfigurationPlatforms) = postSolution
		{DEEFBF9E-04AA-4348-A852-C8E68B7669E4}.Debug|Any CPU.ActiveCfg = Debug|Any CPU
		{DEEFBF9E-04AA-4348-A852-C8E68B7669E4}.Debug|Any CPU.Build.0 = Debug|Any CPU
		{DEEFBF9E-04AA-4348-A852-C8E68B7669E4}.Release|Any CPU.ActiveCfg = Release|Any CPU
		{DEEFBF9E-04AA-4348-A852-C8E68B7669E4}.Release|Any CPU.Build.0 = Release|Any CPU
	EndGlobalSection
	GlobalSection(SolutionProperties) = preSolution
		HideSolutionNode = FALSE
	EndGlobalSection
EndGlobal
